
Microsoft Visual Studio Solution File, Format Version 12.00
# Visual Studio Version 17
VisualStudioVersion = 17.6.33829.357
MinimumVisualStudioVersion = 10.0.40219.1
Project("{FAE04EC0-301F-11D3-BF4B-00C04F79EFBC}") = "CodeP.DotNet7.API", "CodeP.DotNet7.API\CodeP.DotNet7.API.csproj", "{1E1101FB-0F5D-444F-94FA-257A00A57EF7}"
EndProject
Global
	GlobalSection(SolutionConfigurationPlatforms) = preSolution
		Debug|Any CPU = Debug|Any CPU
		Release|Any CPU = Release|Any CPU
	EndGlobalSection
	GlobalSection(ProjectConfigurationPlatforms) = postSolution
		{1E1101FB-0F5D-444F-94FA-257A00A57EF7}.Debug|Any CPU.ActiveCfg = Debug|Any CPU
		{1E1101FB-0F5D-444F-94FA-257A00A57EF7}.Debug|Any CPU.Build.0 = Debug|Any CPU
		{1E1101FB-0F5D-444F-94FA-257A00A57EF7}.Release|Any CPU.ActiveCfg = Release|Any CPU
		{1E1101FB-0F5D-444F-94FA-257A00A57EF7}.Release|Any CPU.Build.0 = Release|Any CPU
	EndGlobalSection
	GlobalSection(SolutionProperties) = preSolution
		HideSolutionNode = FALSE
	EndGlobalSection
	GlobalSection(ExtensibilityGlobals) = postSolution
		SolutionGuid = {A4382685-5501-4E52-9EDC-2EB251F1744F}
	EndGlobalSection
EndGlobal
